// !$*UTF8*$!
{
	archiveVersion = 1;
	classes = {
	};
	objectVersion = 46;
	objects = {

/* Begin PBXBuildFile section */
		D7C3326D1763E7D600B7B613 /* Stokit.Armarios.c in Sources */ = {isa = PBXBuildFile; fileRef = D7C332631763E7D600B7B613 /* Stokit.Armarios.c */; };
		D7C3326E1763E7D600B7B613 /* Stokit.Common.c in Sources */ = {isa = PBXBuildFile; fileRef = D7C332641763E7D600B7B613 /* Stokit.Common.c */; };
		D7C3326F1763E7D600B7B613 /* Stokit.Corredores.c in Sources */ = {isa = PBXBuildFile; fileRef = D7C332651763E7D600B7B613 /* Stokit.Corredores.c */; };
		D7C332701763E7D600B7B613 /* Stokit.DB.c in Sources */ = {isa = PBXBuildFile; fileRef = D7C332661763E7D600B7B613 /* Stokit.DB.c */; };
		D7C332711763E7D600B7B613 /* Stokit.Encomendas.c in Sources */ = {isa = PBXBuildFile; fileRef = D7C332671763E7D600B7B613 /* Stokit.Encomendas.c */; };
		D7C332721763E7D600B7B613 /* Stokit.Main.c in Sources */ = {isa = PBXBuildFile; fileRef = D7C332681763E7D600B7B613 /* Stokit.Main.c */; };
		D7C332731763E7D600B7B613 /* Stokit.Produtos.c in Sources */ = {isa = PBXBuildFile; fileRef = D7C332691763E7D600B7B613 /* Stokit.Produtos.c */; };
		D7C332741763E7D600B7B613 /* Stokit.Reposicao.c in Sources */ = {isa = PBXBuildFile; fileRef = D7C3326A1763E7D600B7B613 /* Stokit.Reposicao.c */; };
		D7C332751763E7D600B7B613 /* Stokit.TestUnit.c in Sources */ = {isa = PBXBuildFile; fileRef = D7C3326B1763E7D600B7B613 /* Stokit.TestUnit.c */; };
/* End PBXBuildFile section */

/* Begin PBXCopyFilesBuildPhase section */
		D75BEFD117189E1600C2B3B5 /* CopyFiles */ = {
			isa = PBXCopyFilesBuildPhase;
			buildActionMask = 2147483647;
			dstPath = /usr/share/man/man1/;
			dstSubfolderSpec = 0;
			files = (
			);
			runOnlyForDeploymentPostprocessing = 1;
		};
/* End PBXCopyFilesBuildPhase section */

/* Begin PBXFileReference section */
		D75BEFD317189E1600C2B3B5 /* Stokit */ = {isa = PBXFileReference; explicitFileType = "compiled.mach-o.executable"; includeInIndex = 0; path = Stokit; sourceTree = BUILT_PRODUCTS_DIR; };
		D7C3325A1763E7D600B7B613 /* Stokit.Armarios.h */ = {isa = PBXFileReference; fileEncoding = 4; lastKnownFileType = sourcecode.c.h; name = Stokit.Armarios.h; path = Stokit/Stokit.Armarios.h; sourceTree = SOURCE_ROOT; };
		D7C3325B1763E7D600B7B613 /* Stokit.Common.h */ = {isa = PBXFileReference; fileEncoding = 4; lastKnownFileType = sourcecode.c.h; name = Stokit.Common.h; path = Stokit/Stokit.Common.h; sourceTree = SOURCE_ROOT; };
		D7C3325C1763E7D600B7B613 /* Stokit.Corredores.h */ = {isa = PBXFileReference; fileEncoding = 4; lastKnownFileType = sourcecode.c.h; name = Stokit.Corredores.h; path = Stokit/Stokit.Corredores.h; sourceTree = SOURCE_ROOT; };
		D7C3325D1763E7D600B7B613 /* Stokit.DB.h */ = {isa = PBXFileReference; fileEncoding = 4; lastKnownFileType = sourcecode.c.h; name = Stokit.DB.h; path = Stokit/Stokit.DB.h; sourceTree = SOURCE_ROOT; };
		D7C3325E1763E7D600B7B613 /* Stokit.Encomendas.h */ = {isa = PBXFileReference; fileEncoding = 4; lastKnownFileType = sourcecode.c.h; name = Stokit.Encomendas.h; path = Stokit/Stokit.Encomendas.h; sourceTree = SOURCE_ROOT; };
		D7C332601763E7D600B7B613 /* Stokit.Produtos.h */ = {isa = PBXFileReference; fileEncoding = 4; lastKnownFileType = sourcecode.c.h; name = Stokit.Produtos.h; path = Stokit/Stokit.Produtos.h; sourceTree = SOURCE_ROOT; };
		D7C332611763E7D600B7B613 /* Stokit.Reposicao.h */ = {isa = PBXFileReference; fileEncoding = 4; lastKnownFileType = sourcecode.c.h; name = Stokit.Reposicao.h; path = Stokit/Stokit.Reposicao.h; sourceTree = SOURCE_ROOT; };
		D7C332621763E7D600B7B613 /* Stokit.TestUnit.h */ = {isa = PBXFileReference; fileEncoding = 4; lastKnownFileType = sourcecode.c.h; name = Stokit.TestUnit.h; path = Stokit/Stokit.TestUnit.h; sourceTree = SOURCE_ROOT; };
		D7C332631763E7D600B7B613 /* Stokit.Armarios.c */ = {isa = PBXFileReference; fileEncoding = 4; lastKnownFileType = sourcecode.c.c; name = Stokit.Armarios.c; path = Stokit/Stokit.Armarios.c; sourceTree = SOURCE_ROOT; };
		D7C332641763E7D600B7B613 /* Stokit.Common.c */ = {isa = PBXFileReference; fileEncoding = 4; lastKnownFileType = sourcecode.c.c; name = Stokit.Common.c; path = Stokit/Stokit.Common.c; sourceTree = SOURCE_ROOT; };
		D7C332651763E7D600B7B613 /* Stokit.Corredores.c */ = {isa = PBXFileReference; fileEncoding = 4; lastKnownFileType = sourcecode.c.c; name = Stokit.Corredores.c; path = Stokit/Stokit.Corredores.c; sourceTree = SOURCE_ROOT; };
		D7C332661763E7D600B7B613 /* Stokit.DB.c */ = {isa = PBXFileReference; fileEncoding = 4; lastKnownFileType = sourcecode.c.c; name = Stokit.DB.c; path = Stokit/Stokit.DB.c; sourceTree = SOURCE_ROOT; };
		D7C332671763E7D600B7B613 /* Stokit.Encomendas.c */ = {isa = PBXFileReference; fileEncoding = 4; lastKnownFileType = sourcecode.c.c; name = Stokit.Encomendas.c; path = Stokit/Stokit.Encomendas.c; sourceTree = SOURCE_ROOT; };
		D7C332681763E7D600B7B613 /* Stokit.Main.c */ = {isa = PBXFileReference; fileEncoding = 4; lastKnownFileType = sourcecode.c.c; name = Stokit.Main.c; path = Stokit/Stokit.Main.c; sourceTree = SOURCE_ROOT; };
		D7C332691763E7D600B7B613 /* Stokit.Produtos.c */ = {isa = PBXFileReference; fileEncoding = 4; lastKnownFileType = sourcecode.c.c; name = Stokit.Produtos.c; path = Stokit/Stokit.Produtos.c; sourceTree = SOURCE_ROOT; };
		D7C3326A1763E7D600B7B613 /* Stokit.Reposicao.c */ = {isa = PBXFileReference; fileEncoding = 4; lastKnownFileType = sourcecode.c.c; name = Stokit.Reposicao.c; path = Stokit/Stokit.Reposicao.c; sourceTree = SOURCE_ROOT; };
		D7C3326B1763E7D600B7B613 /* Stokit.TestUnit.c */ = {isa = PBXFileReference; fileEncoding = 4; lastKnownFileType = sourcecode.c.c; name = Stokit.TestUnit.c; path = Stokit/Stokit.TestUnit.c; sourceTree = SOURCE_ROOT; };
		D7C3326C1763E7D600B7B613 /* Stokit.1 */ = {isa = PBXFileReference; fileEncoding = 4; lastKnownFileType = text.man; name = Stokit.1; path = Stokit/Stokit.1; sourceTree = SOURCE_ROOT; };
/* End PBXFileReference section */

/* Begin PBXFrameworksBuildPhase section */
		D75BEFD017189E1600C2B3B5 /* Frameworks */ = {
			isa = PBXFrameworksBuildPhase;
			buildActionMask = 2147483647;
			files = (
			);
			runOnlyForDeploymentPostprocessing = 0;
		};
/* End PBXFrameworksBuildPhase section */

/* Begin PBXGroup section */
		D75BEFCA17189E1600C2B3B5 = {
			isa = PBXGroup;
			children = (
				D75BEFD517189E1600C2B3B5 /* Stokit */,
				D75BEFD417189E1600C2B3B5 /* Products */,
			);
			sourceTree = "<group>";
		};
		D75BEFD417189E1600C2B3B5 /* Products */ = {
			isa = PBXGroup;
			children = (
				D75BEFD317189E1600C2B3B5 /* Stokit */,
			);
			name = Products;
			sourceTree = "<group>";
		};
		D75BEFD517189E1600C2B3B5 /* Stokit */ = {
			isa = PBXGroup;
			children = (
				D7C3325B1763E7D600B7B613 /* Stokit.Common.h */,
				D7C332641763E7D600B7B613 /* Stokit.Common.c */,
				D7C3325C1763E7D600B7B613 /* Stokit.Corredores.h */,
				D7C332651763E7D600B7B613 /* Stokit.Corredores.c */,
				D7C3325A1763E7D600B7B613 /* Stokit.Armarios.h */,
				D7C332631763E7D600B7B613 /* Stokit.Armarios.c */,
				D7C332601763E7D600B7B613 /* Stokit.Produtos.h */,
				D7C332691763E7D600B7B613 /* Stokit.Produtos.c */,
				D7C3325E1763E7D600B7B613 /* Stokit.Encomendas.h */,
				D7C332671763E7D600B7B613 /* Stokit.Encomendas.c */,
				D7C332611763E7D600B7B613 /* Stokit.Reposicao.h */,
				D7C3326A1763E7D600B7B613 /* Stokit.Reposicao.c */,
				D7C3325D1763E7D600B7B613 /* Stokit.DB.h */,
				D7C332661763E7D600B7B613 /* Stokit.DB.c */,
				D7C332681763E7D600B7B613 /* Stokit.Main.c */,
				D7C332621763E7D600B7B613 /* Stokit.TestUnit.h */,
				D7C3326B1763E7D600B7B613 /* Stokit.TestUnit.c */,
				D7C3326C1763E7D600B7B613 /* Stokit.1 */,
			);
			name = Stokit;
			path = StockIt;
			sourceTree = "<group>";
		};
/* End PBXGroup section */

/* Begin PBXNativeTarget section */
		D75BEFD217189E1600C2B3B5 /* Stokit */ = {
			isa = PBXNativeTarget;
			buildConfigurationList = D75BEFDC17189E1700C2B3B5 /* Build configuration list for PBXNativeTarget "Stokit" */;
			buildPhases = (
				D75BEFCF17189E1600C2B3B5 /* Sources */,
				D75BEFD017189E1600C2B3B5 /* Frameworks */,
				D75BEFD117189E1600C2B3B5 /* CopyFiles */,
			);
			buildRules = (
			);
			dependencies = (
			);
			name = Stokit;
			productName = StockIt;
			productReference = D75BEFD317189E1600C2B3B5 /* Stokit */;
			productType = "com.apple.product-type.tool";
		};
/* End PBXNativeTarget section */

/* Begin PBXProject section */
		D75BEFCB17189E1600C2B3B5 /* Project object */ = {
			isa = PBXProject;
			attributes = {
				LastUpgradeCheck = 0460;
				ORGANIZATIONNAME = "Ricardo Pereira";
			};
			buildConfigurationList = D75BEFCE17189E1600C2B3B5 /* Build configuration list for PBXProject "Stokit" */;
			compatibilityVersion = "Xcode 3.2";
			developmentRegion = English;
			hasScannedForEncodings = 0;
			knownRegions = (
				en,
			);
			mainGroup = D75BEFCA17189E1600C2B3B5;
			productRefGroup = D75BEFD417189E1600C2B3B5 /* Products */;
			projectDirPath = "";
			projectRoot = "";
			targets = (
				D75BEFD217189E1600C2B3B5 /* Stokit */,
			);
		};
/* End PBXProject section */

/* Begin PBXSourcesBuildPhase section */
		D75BEFCF17189E1600C2B3B5 /* Sources */ = {
			isa = PBXSourcesBuildPhase;
			buildActionMask = 2147483647;
			files = (
				D7C3326D1763E7D600B7B613 /* Stokit.Armarios.c in Sources */,
				D7C3326E1763E7D600B7B613 /* Stokit.Common.c in Sources */,
				D7C3326F1763E7D600B7B613 /* Stokit.Corredores.c in Sources */,
				D7C332701763E7D600B7B613 /* Stokit.DB.c in Sources */,
				D7C332711763E7D600B7B613 /* Stokit.Encomendas.c in Sources */,
				D7C332721763E7D600B7B613 /* Stokit.Main.c in Sources */,
				D7C332731763E7D600B7B613 /* Stokit.Produtos.c in Sources */,
				D7C332741763E7D600B7B613 /* Stokit.Reposicao.c in Sources */,
				D7C332751763E7D600B7B613 /* Stokit.TestUnit.c in Sources */,
			);
			runOnlyForDeploymentPostprocessing = 0;
		};
/* End PBXSourcesBuildPhase section */

/* Begin XCBuildConfiguration section */
		D75BEFDA17189E1600C2B3B5 /* Debug */ = {
			isa = XCBuildConfiguration;
			buildSettings = {
				ALWAYS_SEARCH_USER_PATHS = NO;
				ARCHS = "$(ARCHS_STANDARD_32_BIT)";
				CLANG_CXX_LANGUAGE_STANDARD = "gnu++0x";
				CLANG_CXX_LIBRARY = "libc++";
				CLANG_ENABLE_OBJC_ARC = YES;
				CLANG_WARN_CONSTANT_CONVERSION = YES;
				CLANG_WARN_EMPTY_BODY = YES;
				CLANG_WARN_ENUM_CONVERSION = YES;
				CLANG_WARN_INT_CONVERSION = YES;
				CLANG_WARN__DUPLICATE_METHOD_MATCH = YES;
				COPY_PHASE_STRIP = NO;
				GCC_C_LANGUAGE_STANDARD = c89;
				GCC_DYNAMIC_NO_PIC = NO;
				GCC_ENABLE_OBJC_EXCEPTIONS = YES;
				GCC_OPTIMIZATION_LEVEL = 0;
				GCC_PREPROCESSOR_DEFINITIONS = (
					"DEBUG=1",
					"$(inherited)",
				);
				GCC_SYMBOLS_PRIVATE_EXTERN = NO;
				GCC_WARN_64_TO_32_BIT_CONVERSION = YES;
				GCC_WARN_ABOUT_RETURN_TYPE = YES;
				GCC_WARN_UNINITIALIZED_AUTOS = YES;
				GCC_WARN_UNUSED_VARIABLE = YES;
				MACOSX_DEPLOYMENT_TARGET = 10.8;
				ONLY_ACTIVE_ARCH = YES;
				OTHER_LDFLAGS = "-lncurses";
				SDKROOT = macosx;
			};
			name = Debug;
		};
		D75BEFDB17189E1600C2B3B5 /* Release */ = {
			isa = XCBuildConfiguration;
			buildSettings = {
				ALWAYS_SEARCH_USER_PATHS = NO;
				ARCHS = "$(ARCHS_STANDARD_32_BIT)";
				CLANG_CXX_LANGUAGE_STANDARD = "gnu++0x";
				CLANG_CXX_LIBRARY = "libc++";
				CLANG_ENABLE_OBJC_ARC = YES;
				CLANG_WARN_CONSTANT_CONVERSION = YES;
				CLANG_WARN_EMPTY_BODY = YES;
				CLANG_WARN_ENUM_CONVERSION = YES;
				CLANG_WARN_INT_CONVERSION = YES;
				CLANG_WARN__DUPLICATE_METHOD_MATCH = YES;
				COPY_PHASE_STRIP = YES;
				DEBUG_INFORMATION_FORMAT = "dwarf-with-dsym";
				GCC_C_LANGUAGE_STANDARD = c89;
				GCC_ENABLE_OBJC_EXCEPTIONS = YES;
				GCC_WARN_64_TO_32_BIT_CONVERSION = YES;
				GCC_WARN_ABOUT_RETURN_TYPE = YES;
				GCC_WARN_UNINITIALIZED_AUTOS = YES;
				GCC_WARN_UNUSED_VARIABLE = YES;
				MACOSX_DEPLOYMENT_TARGET = 10.8;
				ONLY_ACTIVE_ARCH = NO;
				OTHER_LDFLAGS = "-lncurses";
				SDKROOT = macosx;
			};
			name = Release;
		};
		D75BEFDD17189E1700C2B3B5 /* Debug */ = {
			isa = XCBuildConfiguration;
			buildSettings = {
				ARCHS = "$(ARCHS_STANDARD_32_BIT)";
				GCC_PREPROCESSOR_DEFINITIONS = "$(inherited)";
				PRODUCT_NAME = Stokit;
			};
			name = Debug;
		};
		D75BEFDE17189E1700C2B3B5 /* Release */ = {
			isa = XCBuildConfiguration;
			buildSettings = {
				ARCHS = "$(ARCHS_STANDARD_32_BIT)";
				ONLY_ACTIVE_ARCH = NO;
				PRODUCT_NAME = Stokit;
			};
			name = Release;
		};
/* End XCBuildConfiguration section */

/* Begin XCConfigurationList section */
		D75BEFCE17189E1600C2B3B5 /* Build configuration list for PBXProject "Stokit" */ = {
			isa = XCConfigurationList;
			buildConfigurations = (
				D75BEFDA17189E1600C2B3B5 /* Debug */,
				D75BEFDB17189E1600C2B3B5 /* Release */,
			);
			defaultConfigurationIsVisible = 0;
			defaultConfigurationName = Release;
		};
		D75BEFDC17189E1700C2B3B5 /* Build configuration list for PBXNativeTarget "Stokit" */ = {
			isa = XCConfigurationList;
			buildConfigurations = (
				D75BEFDD17189E1700C2B3B5 /* Debug */,
				D75BEFDE17189E1700C2B3B5 /* Release */,
			);
			defaultConfigurationIsVisible = 0;
			defaultConfigurationName = Release;
		};
/* End XCConfigurationList section */
	};
	rootObject = D75BEFCB17189E1600C2B3B5 /* Project object */;
}
