// !$*UTF8*$!
{
	archiveVersion = 1;
	classes = {
	};
	objectVersion = 46;
	objects = {

/* Begin PBXBuildFile section */
		D70439DC173AAB7800EC4450 /* Stokit.Armarios.c in Sources */ = {isa = PBXBuildFile; fileRef = D70439DB173AAB7800EC4450 /* Stokit.Armarios.c */; };
		D70439DF173AAEB300EC4450 /* Stokit.Produtos.c in Sources */ = {isa = PBXBuildFile; fileRef = D70439DE173AAEB300EC4450 /* Stokit.Produtos.c */; };
		D70439E1173AB6C900EC4450 /* Stokit.Common.c in Sources */ = {isa = PBXBuildFile; fileRef = D70439E0173AB6C900EC4450 /* Stokit.Common.c */; };
		D72834F0173C327F00D5FE37 /* Stokit.Encomendas.c in Sources */ = {isa = PBXBuildFile; fileRef = D72834EE173C327F00D5FE37 /* Stokit.Encomendas.c */; };
		D72834F1173C327F00D5FE37 /* Stokit.Reposicao.c in Sources */ = {isa = PBXBuildFile; fileRef = D72834EF173C327F00D5FE37 /* Stokit.Reposicao.c */; };
		D7291D4C173A61030011680A /* Stokit.Corredores.c in Sources */ = {isa = PBXBuildFile; fileRef = D7291D4B173A61030011680A /* Stokit.Corredores.c */; };
		D75BEFD717189E1600C2B3B5 /* Stokit.Main.c in Sources */ = {isa = PBXBuildFile; fileRef = D75BEFD617189E1600C2B3B5 /* Stokit.Main.c */; };
		D75BEFD917189E1600C2B3B5 /* Stokit.1 in CopyFiles */ = {isa = PBXBuildFile; fileRef = D75BEFD817189E1600C2B3B5 /* Stokit.1 */; };
		D773B1C4173BA36B009D1CF5 /* Stokit.DB.c in Sources */ = {isa = PBXBuildFile; fileRef = D773B1C3173BA36B009D1CF5 /* Stokit.DB.c */; };
		D7A410741741483A003D5789 /* Stokit.TestUnit.c in Sources */ = {isa = PBXBuildFile; fileRef = D7A410731741483A003D5789 /* Stokit.TestUnit.c */; };
/* End PBXBuildFile section */

/* Begin PBXCopyFilesBuildPhase section */
		D75BEFD117189E1600C2B3B5 /* CopyFiles */ = {
			isa = PBXCopyFilesBuildPhase;
			buildActionMask = 2147483647;
			dstPath = /usr/share/man/man1/;
			dstSubfolderSpec = 0;
			files = (
				D75BEFD917189E1600C2B3B5 /* Stokit.1 in CopyFiles */,
			);
			runOnlyForDeploymentPostprocessing = 1;
		};
/* End PBXCopyFilesBuildPhase section */

/* Begin PBXFileReference section */
		D70439DA173AAB7800EC4450 /* Stokit.Armarios.h */ = {isa = PBXFileReference; fileEncoding = 4; lastKnownFileType = sourcecode.c.h; path = Stokit.Armarios.h; sourceTree = "<group>"; };
		D70439DB173AAB7800EC4450 /* Stokit.Armarios.c */ = {isa = PBXFileReference; fileEncoding = 4; lastKnownFileType = sourcecode.c.c; path = Stokit.Armarios.c; sourceTree = "<group>"; };
		D70439DD173AAEB300EC4450 /* Stokit.Produtos.h */ = {isa = PBXFileReference; fileEncoding = 4; lastKnownFileType = sourcecode.c.h; path = Stokit.Produtos.h; sourceTree = "<group>"; };
		D70439DE173AAEB300EC4450 /* Stokit.Produtos.c */ = {isa = PBXFileReference; fileEncoding = 4; lastKnownFileType = sourcecode.c.c; path = Stokit.Produtos.c; sourceTree = "<group>"; };
		D70439E0173AB6C900EC4450 /* Stokit.Common.c */ = {isa = PBXFileReference; fileEncoding = 4; lastKnownFileType = sourcecode.c.c; path = Stokit.Common.c; sourceTree = "<group>"; };
		D72834EC173C327F00D5FE37 /* Stokit.Encomendas.h */ = {isa = PBXFileReference; fileEncoding = 4; lastKnownFileType = sourcecode.c.h; path = Stokit.Encomendas.h; sourceTree = "<group>"; };
		D72834ED173C327F00D5FE37 /* Stokit.Reposicao.h */ = {isa = PBXFileReference; fileEncoding = 4; lastKnownFileType = sourcecode.c.h; path = Stokit.Reposicao.h; sourceTree = "<group>"; };
		D72834EE173C327F00D5FE37 /* Stokit.Encomendas.c */ = {isa = PBXFileReference; fileEncoding = 4; lastKnownFileType = sourcecode.c.c; path = Stokit.Encomendas.c; sourceTree = "<group>"; };
		D72834EF173C327F00D5FE37 /* Stokit.Reposicao.c */ = {isa = PBXFileReference; fileEncoding = 4; lastKnownFileType = sourcecode.c.c; path = Stokit.Reposicao.c; sourceTree = "<group>"; };
		D7291D4A173A61030011680A /* Stokit.Corredores.h */ = {isa = PBXFileReference; fileEncoding = 4; lastKnownFileType = sourcecode.c.h; path = Stokit.Corredores.h; sourceTree = "<group>"; };
		D7291D4B173A61030011680A /* Stokit.Corredores.c */ = {isa = PBXFileReference; fileEncoding = 4; lastKnownFileType = sourcecode.c.c; path = Stokit.Corredores.c; sourceTree = "<group>"; };
		D75BEFD317189E1600C2B3B5 /* Stokit */ = {isa = PBXFileReference; explicitFileType = "compiled.mach-o.executable"; includeInIndex = 0; path = Stokit; sourceTree = BUILT_PRODUCTS_DIR; };
		D75BEFD617189E1600C2B3B5 /* Stokit.Main.c */ = {isa = PBXFileReference; lastKnownFileType = sourcecode.c.c; path = Stokit.Main.c; sourceTree = "<group>"; };
		D75BEFD817189E1600C2B3B5 /* Stokit.1 */ = {isa = PBXFileReference; lastKnownFileType = text.man; path = Stokit.1; sourceTree = "<group>"; };
		D75BEFDF17189FA900C2B3B5 /* Stokit.Common.h */ = {isa = PBXFileReference; lastKnownFileType = sourcecode.c.h; path = Stokit.Common.h; sourceTree = "<group>"; };
		D75BEFE017189FCB00C2B3B5 /* Stokit.Main.h */ = {isa = PBXFileReference; lastKnownFileType = sourcecode.c.h; path = Stokit.Main.h; sourceTree = "<group>"; };
		D773B1C2173BA36B009D1CF5 /* Stokit.DB.h */ = {isa = PBXFileReference; fileEncoding = 4; lastKnownFileType = sourcecode.c.h; path = Stokit.DB.h; sourceTree = "<group>"; };
		D773B1C3173BA36B009D1CF5 /* Stokit.DB.c */ = {isa = PBXFileReference; fileEncoding = 4; lastKnownFileType = sourcecode.c.c; path = Stokit.DB.c; sourceTree = "<group>"; };
		D7A410721741483A003D5789 /* Stokit.TestUnit.h */ = {isa = PBXFileReference; fileEncoding = 4; lastKnownFileType = sourcecode.c.h; path = Stokit.TestUnit.h; sourceTree = "<group>"; };
		D7A410731741483A003D5789 /* Stokit.TestUnit.c */ = {isa = PBXFileReference; fileEncoding = 4; lastKnownFileType = sourcecode.c.c; path = Stokit.TestUnit.c; sourceTree = "<group>"; };
/* End PBXFileReference section */

/* Begin PBXFrameworksBuildPhase section */
		D75BEFD017189E1600C2B3B5 /* Frameworks */ = {
			isa = PBXFrameworksBuildPhase;
			buildActionMask = 2147483647;
			files = (
			);
			runOnlyForDeploymentPostprocessing = 0;
		};
/* End PBXFrameworksBuildPhase section */

/* Begin PBXGroup section */
		D75BEFCA17189E1600C2B3B5 = {
			isa = PBXGroup;
			children = (
				D75BEFD417189E1600C2B3B5 /* Products */,
				D75BEFD517189E1600C2B3B5 /* Stokit */,
			);
			sourceTree = "<group>";
		};
		D75BEFD417189E1600C2B3B5 /* Products */ = {
			isa = PBXGroup;
			children = (
				D75BEFD317189E1600C2B3B5 /* Stokit */,
			);
			name = Products;
			sourceTree = "<group>";
		};
		D75BEFD517189E1600C2B3B5 /* Stokit */ = {
			isa = PBXGroup;
			children = (
				D75BEFE017189FCB00C2B3B5 /* Stokit.Main.h */,
				D75BEFD617189E1600C2B3B5 /* Stokit.Main.c */,
				D75BEFDF17189FA900C2B3B5 /* Stokit.Common.h */,
				D70439E0173AB6C900EC4450 /* Stokit.Common.c */,
				D773B1C2173BA36B009D1CF5 /* Stokit.DB.h */,
				D773B1C3173BA36B009D1CF5 /* Stokit.DB.c */,
				D7291D4A173A61030011680A /* Stokit.Corredores.h */,
				D7291D4B173A61030011680A /* Stokit.Corredores.c */,
				D70439DA173AAB7800EC4450 /* Stokit.Armarios.h */,
				D70439DB173AAB7800EC4450 /* Stokit.Armarios.c */,
				D70439DD173AAEB300EC4450 /* Stokit.Produtos.h */,
				D70439DE173AAEB300EC4450 /* Stokit.Produtos.c */,
				D72834EC173C327F00D5FE37 /* Stokit.Encomendas.h */,
				D72834EE173C327F00D5FE37 /* Stokit.Encomendas.c */,
				D72834ED173C327F00D5FE37 /* Stokit.Reposicao.h */,
				D72834EF173C327F00D5FE37 /* Stokit.Reposicao.c */,
				D7A410721741483A003D5789 /* Stokit.TestUnit.h */,
				D7A410731741483A003D5789 /* Stokit.TestUnit.c */,
				D75BEFD817189E1600C2B3B5 /* Stokit.1 */,
			);
			name = Stokit;
			path = StockIt;
			sourceTree = "<group>";
		};
/* End PBXGroup section */

/* Begin PBXNativeTarget section */
		D75BEFD217189E1600C2B3B5 /* Stokit */ = {
			isa = PBXNativeTarget;
			buildConfigurationList = D75BEFDC17189E1700C2B3B5 /* Build configuration list for PBXNativeTarget "Stokit" */;
			buildPhases = (
				D75BEFCF17189E1600C2B3B5 /* Sources */,
				D75BEFD017189E1600C2B3B5 /* Frameworks */,
				D75BEFD117189E1600C2B3B5 /* CopyFiles */,
			);
			buildRules = (
			);
			dependencies = (
			);
			name = Stokit;
			productName = StockIt;
			productReference = D75BEFD317189E1600C2B3B5 /* Stokit */;
			productType = "com.apple.product-type.tool";
		};
/* End PBXNativeTarget section */

/* Begin PBXProject section */
		D75BEFCB17189E1600C2B3B5 /* Project object */ = {
			isa = PBXProject;
			attributes = {
				LastUpgradeCheck = 0460;
				ORGANIZATIONNAME = "Ricardo Pereira";
			};
			buildConfigurationList = D75BEFCE17189E1600C2B3B5 /* Build configuration list for PBXProject "Stokit" */;
			compatibilityVersion = "Xcode 3.2";
			developmentRegion = English;
			hasScannedForEncodings = 0;
			knownRegions = (
				en,
			);
			mainGroup = D75BEFCA17189E1600C2B3B5;
			productRefGroup = D75BEFD417189E1600C2B3B5 /* Products */;
			projectDirPath = "";
			projectRoot = "";
			targets = (
				D75BEFD217189E1600C2B3B5 /* Stokit */,
			);
		};
/* End PBXProject section */

/* Begin PBXSourcesBuildPhase section */
		D75BEFCF17189E1600C2B3B5 /* Sources */ = {
			isa = PBXSourcesBuildPhase;
			buildActionMask = 2147483647;
			files = (
				D75BEFD717189E1600C2B3B5 /* Stokit.Main.c in Sources */,
				D7291D4C173A61030011680A /* Stokit.Corredores.c in Sources */,
				D70439DC173AAB7800EC4450 /* Stokit.Armarios.c in Sources */,
				D70439DF173AAEB300EC4450 /* Stokit.Produtos.c in Sources */,
				D70439E1173AB6C900EC4450 /* Stokit.Common.c in Sources */,
				D773B1C4173BA36B009D1CF5 /* Stokit.DB.c in Sources */,
				D72834F0173C327F00D5FE37 /* Stokit.Encomendas.c in Sources */,
				D72834F1173C327F00D5FE37 /* Stokit.Reposicao.c in Sources */,
				D7A410741741483A003D5789 /* Stokit.TestUnit.c in Sources */,
			);
			runOnlyForDeploymentPostprocessing = 0;
		};
/* End PBXSourcesBuildPhase section */

/* Begin XCBuildConfiguration section */
		D75BEFDA17189E1600C2B3B5 /* Debug */ = {
			isa = XCBuildConfiguration;
			buildSettings = {
				ALWAYS_SEARCH_USER_PATHS = NO;
				ARCHS = "$(ARCHS_STANDARD_64_BIT)";
				CLANG_CXX_LANGUAGE_STANDARD = "gnu++0x";
				CLANG_CXX_LIBRARY = "libc++";
				CLANG_ENABLE_OBJC_ARC = YES;
				CLANG_WARN_CONSTANT_CONVERSION = YES;
				CLANG_WARN_EMPTY_BODY = YES;
				CLANG_WARN_ENUM_CONVERSION = YES;
				CLANG_WARN_INT_CONVERSION = YES;
				CLANG_WARN__DUPLICATE_METHOD_MATCH = YES;
				COPY_PHASE_STRIP = NO;
				GCC_C_LANGUAGE_STANDARD = c89;
				GCC_DYNAMIC_NO_PIC = NO;
				GCC_ENABLE_OBJC_EXCEPTIONS = YES;
				GCC_OPTIMIZATION_LEVEL = 0;
				GCC_PREPROCESSOR_DEFINITIONS = (
					"DEBUG=1",
					"$(inherited)",
				);
				GCC_SYMBOLS_PRIVATE_EXTERN = NO;
				GCC_WARN_64_TO_32_BIT_CONVERSION = YES;
				GCC_WARN_ABOUT_RETURN_TYPE = YES;
				GCC_WARN_UNINITIALIZED_AUTOS = YES;
				GCC_WARN_UNUSED_VARIABLE = YES;
				MACOSX_DEPLOYMENT_TARGET = 10.8;
				ONLY_ACTIVE_ARCH = YES;
				OTHER_LDFLAGS = "-lncurses";
				SDKROOT = macosx;
			};
			name = Debug;
		};
		D75BEFDB17189E1600C2B3B5 /* Release */ = {
			isa = XCBuildConfiguration;
			buildSettings = {
				ALWAYS_SEARCH_USER_PATHS = NO;
				ARCHS = "$(ARCHS_STANDARD_64_BIT)";
				CLANG_CXX_LANGUAGE_STANDARD = "gnu++0x";
				CLANG_CXX_LIBRARY = "libc++";
				CLANG_ENABLE_OBJC_ARC = YES;
				CLANG_WARN_CONSTANT_CONVERSION = YES;
				CLANG_WARN_EMPTY_BODY = YES;
				CLANG_WARN_ENUM_CONVERSION = YES;
				CLANG_WARN_INT_CONVERSION = YES;
				CLANG_WARN__DUPLICATE_METHOD_MATCH = YES;
				COPY_PHASE_STRIP = YES;
				DEBUG_INFORMATION_FORMAT = "dwarf-with-dsym";
				GCC_C_LANGUAGE_STANDARD = c89;
				GCC_ENABLE_OBJC_EXCEPTIONS = YES;
				GCC_WARN_64_TO_32_BIT_CONVERSION = YES;
				GCC_WARN_ABOUT_RETURN_TYPE = YES;
				GCC_WARN_UNINITIALIZED_AUTOS = YES;
				GCC_WARN_UNUSED_VARIABLE = YES;
				MACOSX_DEPLOYMENT_TARGET = 10.8;
				OTHER_LDFLAGS = "-lncurses";
				SDKROOT = macosx;
			};
			name = Release;
		};
		D75BEFDD17189E1700C2B3B5 /* Debug */ = {
			isa = XCBuildConfiguration;
			buildSettings = {
				PRODUCT_NAME = Stokit;
			};
			name = Debug;
		};
		D75BEFDE17189E1700C2B3B5 /* Release */ = {
			isa = XCBuildConfiguration;
			buildSettings = {
				PRODUCT_NAME = Stokit;
			};
			name = Release;
		};
/* End XCBuildConfiguration section */

/* Begin XCConfigurationList section */
		D75BEFCE17189E1600C2B3B5 /* Build configuration list for PBXProject "Stokit" */ = {
			isa = XCConfigurationList;
			buildConfigurations = (
				D75BEFDA17189E1600C2B3B5 /* Debug */,
				D75BEFDB17189E1600C2B3B5 /* Release */,
			);
			defaultConfigurationIsVisible = 0;
			defaultConfigurationName = Release;
		};
		D75BEFDC17189E1700C2B3B5 /* Build configuration list for PBXNativeTarget "Stokit" */ = {
			isa = XCConfigurationList;
			buildConfigurations = (
				D75BEFDD17189E1700C2B3B5 /* Debug */,
				D75BEFDE17189E1700C2B3B5 /* Release */,
			);
			defaultConfigurationIsVisible = 0;
			defaultConfigurationName = Release;
		};
/* End XCConfigurationList section */
	};
	rootObject = D75BEFCB17189E1600C2B3B5 /* Project object */;
}
